
Microsoft Visual Studio Solution File, Format Version 12.00
# Visual Studio Version 17
VisualStudioVersion = 17.0.31903.59
MinimumVisualStudioVersion = 10.0.40219.1
Project("{2150E333-8FDC-42A3-9474-1A3956D46DE8}") = "src", "src", "{6D901F31-3C92-4D8A-B79F-EFB83F83DBD6}"
EndProject
Project("{FAE04EC0-301F-11D3-BF4B-00C04F79EFBC}") = "Geo.Domain", "src\Geo.Domain\Geo.Domain.csproj", "{1330294F-1A91-4D92-9240-7491A8509753}"
EndProject
Project("{FAE04EC0-301F-11D3-BF4B-00C04F79EFBC}") = "Geo.Infra.Data", "src\Geo.Infra.Data\Geo.Infra.Data.csproj", "{B7576A53-AE14-4448-B461-C89400FE6B84}"
EndProject
Project("{FAE04EC0-301F-11D3-BF4B-00C04F79EFBC}") = "Geo.Application", "src\Geo.Application\Geo.Application.csproj", "{60950AEE-5A96-40E4-BE97-5347470E1F9A}"
EndProject
Project("{FAE04EC0-301F-11D3-BF4B-00C04F79EFBC}") = "Geo.Infra.IoC", "src\Geo.Infra.IoC\Geo.Infra.IoC.csproj", "{1479E524-F172-4BD7-A065-2C91420E9F80}"
EndProject
Project("{FAE04EC0-301F-11D3-BF4B-00C04F79EFBC}") = "GeoApi", "GeoApi\GeoApi.csproj", "{33D47D8D-0466-415B-8706-CD38DC041315}"
EndProject
Project("{E53339B2-1760-4266-BCC7-CA923CBCF16C}") = "docker-compose", "docker-compose.dcproj", "{B32804F6-14C6-4241-BFC6-B262A56D63E0}"
EndProject
Global
	GlobalSection(SolutionConfigurationPlatforms) = preSolution
		Debug|Any CPU = Debug|Any CPU
		Release|Any CPU = Release|Any CPU
	EndGlobalSection
	GlobalSection(ProjectConfigurationPlatforms) = postSolution
		{1330294F-1A91-4D92-9240-7491A8509753}.Debug|Any CPU.ActiveCfg = Debug|Any CPU
		{1330294F-1A91-4D92-9240-7491A8509753}.Debug|Any CPU.Build.0 = Debug|Any CPU
		{1330294F-1A91-4D92-9240-7491A8509753}.Release|Any CPU.ActiveCfg = Release|Any CPU
		{1330294F-1A91-4D92-9240-7491A8509753}.Release|Any CPU.Build.0 = Release|Any CPU
		{B7576A53-AE14-4448-B461-C89400FE6B84}.Debug|Any CPU.ActiveCfg = Debug|Any CPU
		{B7576A53-AE14-4448-B461-C89400FE6B84}.Debug|Any CPU.Build.0 = Debug|Any CPU
		{B7576A53-AE14-4448-B461-C89400FE6B84}.Release|Any CPU.ActiveCfg = Release|Any CPU
		{B7576A53-AE14-4448-B461-C89400FE6B84}.Release|Any CPU.Build.0 = Release|Any CPU
		{60950AEE-5A96-40E4-BE97-5347470E1F9A}.Debug|Any CPU.ActiveCfg = Debug|Any CPU
		{60950AEE-5A96-40E4-BE97-5347470E1F9A}.Debug|Any CPU.Build.0 = Debug|Any CPU
		{60950AEE-5A96-40E4-BE97-5347470E1F9A}.Release|Any CPU.ActiveCfg = Release|Any CPU
		{60950AEE-5A96-40E4-BE97-5347470E1F9A}.Release|Any CPU.Build.0 = Release|Any CPU
		{1479E524-F172-4BD7-A065-2C91420E9F80}.Debug|Any CPU.ActiveCfg = Debug|Any CPU
		{1479E524-F172-4BD7-A065-2C91420E9F80}.Debug|Any CPU.Build.0 = Debug|Any CPU
		{1479E524-F172-4BD7-A065-2C91420E9F80}.Release|Any CPU.ActiveCfg = Release|Any CPU
		{1479E524-F172-4BD7-A065-2C91420E9F80}.Release|Any CPU.Build.0 = Release|Any CPU
		{33D47D8D-0466-415B-8706-CD38DC041315}.Debug|Any CPU.ActiveCfg = Debug|Any CPU
		{33D47D8D-0466-415B-8706-CD38DC041315}.Debug|Any CPU.Build.0 = Debug|Any CPU
		{33D47D8D-0466-415B-8706-CD38DC041315}.Release|Any CPU.ActiveCfg = Release|Any CPU
		{33D47D8D-0466-415B-8706-CD38DC041315}.Release|Any CPU.Build.0 = Release|Any CPU
		{B32804F6-14C6-4241-BFC6-B262A56D63E0}.Debug|Any CPU.ActiveCfg = Debug|Any CPU
		{B32804F6-14C6-4241-BFC6-B262A56D63E0}.Debug|Any CPU.Build.0 = Debug|Any CPU
		{B32804F6-14C6-4241-BFC6-B262A56D63E0}.Release|Any CPU.ActiveCfg = Release|Any CPU
		{B32804F6-14C6-4241-BFC6-B262A56D63E0}.Release|Any CPU.Build.0 = Release|Any CPU
	EndGlobalSection
	GlobalSection(SolutionProperties) = preSolution
		HideSolutionNode = FALSE
	EndGlobalSection
	GlobalSection(NestedProjects) = preSolution
		{1330294F-1A91-4D92-9240-7491A8509753} = {6D901F31-3C92-4D8A-B79F-EFB83F83DBD6}
		{B7576A53-AE14-4448-B461-C89400FE6B84} = {6D901F31-3C92-4D8A-B79F-EFB83F83DBD6}
		{60950AEE-5A96-40E4-BE97-5347470E1F9A} = {6D901F31-3C92-4D8A-B79F-EFB83F83DBD6}
		{1479E524-F172-4BD7-A065-2C91420E9F80} = {6D901F31-3C92-4D8A-B79F-EFB83F83DBD6}
	EndGlobalSection
EndGlobal
